
Microsoft Visual Studio Solution File, Format Version 12.00
# Visual Studio Version 17
VisualStudioVersion = 17.0.31903.59
MinimumVisualStudioVersion = 10.0.40219.1
Project("{9A19103F-16F7-4668-BE54-9A1E7A4F7556}") = "RealState.MVC", "RealState.MVC\RealState.MVC.csproj", "{02947956-CD07-4D0C-9554-9AD2036EF9DF}"
EndProject
Project("{9A19103F-16F7-4668-BE54-9A1E7A4F7556}") = "RealState.Infrastructure.Persistence", "RealState.Infrastructure.Persistence\RealState.Infrastructure.Persistence.csproj", "{3474AE85-9B79-4D73-A7DD-BDE940C5BAEB}"
EndProject
Project("{9A19103F-16F7-4668-BE54-9A1E7A4F7556}") = "RealState.Domain", "RealState.Domain\RealState.Domain.csproj", "{83868618-3589-4FCC-A9C0-48E8454BE235}"
EndProject
Project("{9A19103F-16F7-4668-BE54-9A1E7A4F7556}") = "RealState.Application", "RealState.Application\RealState.Application.csproj", "{C483812C-361B-46D4-B131-95B28D9DFA12}"
EndProject
Project("{9A19103F-16F7-4668-BE54-9A1E7A4F7556}") = "RealState.Api", "RealState.Api\RealState.Api.csproj", "{BC46FD08-907B-44D2-A18C-C914428A2566}"
EndProject
Project("{9A19103F-16F7-4668-BE54-9A1E7A4F7556}") = "RealState.Infrastructure.Shared", "RealState.Infrastructure.Shared\RealState.Infrastructure.Shared.csproj", "{A0865827-7936-4A31-9ADC-FD154B0CC661}"
EndProject
Project("{9A19103F-16F7-4668-BE54-9A1E7A4F7556}") = "RealState.Infrastructure.Identity", "RealState.Infrastructure.Identity\RealState.Infrastructure.Identity.csproj", "{1262A0A2-9D97-473E-9875-A81A73352B73}"
EndProject
Global
	GlobalSection(SolutionConfigurationPlatforms) = preSolution
		Debug|Any CPU = Debug|Any CPU
		Release|Any CPU = Release|Any CPU
	EndGlobalSection
	GlobalSection(ProjectConfigurationPlatforms) = postSolution
		{02947956-CD07-4D0C-9554-9AD2036EF9DF}.Debug|Any CPU.ActiveCfg = Debug|Any CPU
		{02947956-CD07-4D0C-9554-9AD2036EF9DF}.Debug|Any CPU.Build.0 = Debug|Any CPU
		{02947956-CD07-4D0C-9554-9AD2036EF9DF}.Release|Any CPU.ActiveCfg = Release|Any CPU
		{02947956-CD07-4D0C-9554-9AD2036EF9DF}.Release|Any CPU.Build.0 = Release|Any CPU
		{3474AE85-9B79-4D73-A7DD-BDE940C5BAEB}.Debug|Any CPU.ActiveCfg = Debug|Any CPU
		{3474AE85-9B79-4D73-A7DD-BDE940C5BAEB}.Debug|Any CPU.Build.0 = Debug|Any CPU
		{3474AE85-9B79-4D73-A7DD-BDE940C5BAEB}.Release|Any CPU.ActiveCfg = Release|Any CPU
		{3474AE85-9B79-4D73-A7DD-BDE940C5BAEB}.Release|Any CPU.Build.0 = Release|Any CPU
		{83868618-3589-4FCC-A9C0-48E8454BE235}.Debug|Any CPU.ActiveCfg = Debug|Any CPU
		{83868618-3589-4FCC-A9C0-48E8454BE235}.Debug|Any CPU.Build.0 = Debug|Any CPU
		{83868618-3589-4FCC-A9C0-48E8454BE235}.Release|Any CPU.ActiveCfg = Release|Any CPU
		{83868618-3589-4FCC-A9C0-48E8454BE235}.Release|Any CPU.Build.0 = Release|Any CPU
		{C483812C-361B-46D4-B131-95B28D9DFA12}.Debug|Any CPU.ActiveCfg = Debug|Any CPU
		{C483812C-361B-46D4-B131-95B28D9DFA12}.Debug|Any CPU.Build.0 = Debug|Any CPU
		{C483812C-361B-46D4-B131-95B28D9DFA12}.Release|Any CPU.ActiveCfg = Release|Any CPU
		{C483812C-361B-46D4-B131-95B28D9DFA12}.Release|Any CPU.Build.0 = Release|Any CPU
		{BC46FD08-907B-44D2-A18C-C914428A2566}.Debug|Any CPU.ActiveCfg = Debug|Any CPU
		{BC46FD08-907B-44D2-A18C-C914428A2566}.Debug|Any CPU.Build.0 = Debug|Any CPU
		{BC46FD08-907B-44D2-A18C-C914428A2566}.Release|Any CPU.ActiveCfg = Release|Any CPU
		{BC46FD08-907B-44D2-A18C-C914428A2566}.Release|Any CPU.Build.0 = Release|Any CPU
		{A0865827-7936-4A31-9ADC-FD154B0CC661}.Debug|Any CPU.ActiveCfg = Debug|Any CPU
		{A0865827-7936-4A31-9ADC-FD154B0CC661}.Debug|Any CPU.Build.0 = Debug|Any CPU
		{A0865827-7936-4A31-9ADC-FD154B0CC661}.Release|Any CPU.ActiveCfg = Release|Any CPU
		{A0865827-7936-4A31-9ADC-FD154B0CC661}.Release|Any CPU.Build.0 = Release|Any CPU
		{1262A0A2-9D97-473E-9875-A81A73352B73}.Debug|Any CPU.ActiveCfg = Debug|Any CPU
		{1262A0A2-9D97-473E-9875-A81A73352B73}.Debug|Any CPU.Build.0 = Debug|Any CPU
		{1262A0A2-9D97-473E-9875-A81A73352B73}.Release|Any CPU.ActiveCfg = Release|Any CPU
		{1262A0A2-9D97-473E-9875-A81A73352B73}.Release|Any CPU.Build.0 = Release|Any CPU
	EndGlobalSection
	GlobalSection(SolutionProperties) = preSolution
		HideSolutionNode = FALSE
	EndGlobalSection
	GlobalSection(ExtensibilityGlobals) = postSolution
		SolutionGuid = {3FE55B7E-C54D-4875-A437-920003344E4A}
	EndGlobalSection
EndGlobal
